
Microsoft Visual Studio Solution File, Format Version 12.00
# Visual Studio Version 17
VisualStudioVersion = 17.5.002.0
MinimumVisualStudioVersion = 10.0.40219.1
Project("{9A19103F-16F7-4668-BE54-9A1E7A4F7556}") = "ParkingProject", "ParkingProject.csproj", "{B6A818BE-8950-4619-9360-679C4DE5E8ED}"
EndProject
Global
	GlobalSection(SolutionConfigurationPlatforms) = preSolution
		Debug|Any CPU = Debug|Any CPU
		Release|Any CPU = Release|Any CPU
	EndGlobalSection
	GlobalSection(ProjectConfigurationPlatforms) = postSolution
		{B6A818BE-8950-4619-9360-679C4DE5E8ED}.Debug|Any CPU.ActiveCfg = Debug|Any CPU
		{B6A818BE-8950-4619-9360-679C4DE5E8ED}.Debug|Any CPU.Build.0 = Debug|Any CPU
		{B6A818BE-8950-4619-9360-679C4DE5E8ED}.Release|Any CPU.ActiveCfg = Release|Any CPU
		{B6A818BE-8950-4619-9360-679C4DE5E8ED}.Release|Any CPU.Build.0 = Release|Any CPU
	EndGlobalSection
	GlobalSection(SolutionProperties) = preSolution
		HideSolutionNode = FALSE
	EndGlobalSection
	GlobalSection(ExtensibilityGlobals) = postSolution
		SolutionGuid = {B2F244DB-5D1C-4687-B7DC-06E41FDEB907}
	EndGlobalSection
EndGlobal
